
Microsoft Visual Studio Solution File, Format Version 12.00
# Visual Studio Version 17
VisualStudioVersion = 17.7.34221.43
MinimumVisualStudioVersion = 10.0.40219.1
Project("{FAE04EC0-301F-11D3-BF4B-00C04F79EFBC}") = "API.Core", "API.Core\API.Core.csproj", "{9AA51945-5B1E-4BF9-B3AA-885722F30EA5}"
EndProject
Global
	GlobalSection(SolutionConfigurationPlatforms) = preSolution
		Debug|Any CPU = Debug|Any CPU
		Release|Any CPU = Release|Any CPU
	EndGlobalSection
	GlobalSection(ProjectConfigurationPlatforms) = postSolution
		{9AA51945-5B1E-4BF9-B3AA-885722F30EA5}.Debug|Any CPU.ActiveCfg = Debug|Any CPU
		{9AA51945-5B1E-4BF9-B3AA-885722F30EA5}.Debug|Any CPU.Build.0 = Debug|Any CPU
		{9AA51945-5B1E-4BF9-B3AA-885722F30EA5}.Release|Any CPU.ActiveCfg = Release|Any CPU
		{9AA51945-5B1E-4BF9-B3AA-885722F30EA5}.Release|Any CPU.Build.0 = Release|Any CPU
	EndGlobalSection
	GlobalSection(SolutionProperties) = preSolution
		HideSolutionNode = FALSE
	EndGlobalSection
	GlobalSection(ExtensibilityGlobals) = postSolution
		SolutionGuid = {D5D286AB-8252-4F93-9775-5C1B55D8C021}
	EndGlobalSection
EndGlobal
