
Microsoft Visual Studio Solution File, Format Version 12.00
# Visual Studio Version 17
VisualStudioVersion = 17.7.34221.43
MinimumVisualStudioVersion = 10.0.40219.1
Project("{FAE04EC0-301F-11D3-BF4B-00C04F79EFBC}") = "WebApplication4_MVC", "WebApplication4_MVC\WebApplication4_MVC.csproj", "{98E77D21-F687-4C38-A60E-335C63C2D500}"
EndProject
Global
	GlobalSection(SolutionConfigurationPlatforms) = preSolution
		Debug|Any CPU = Debug|Any CPU
		Release|Any CPU = Release|Any CPU
	EndGlobalSection
	GlobalSection(ProjectConfigurationPlatforms) = postSolution
		{98E77D21-F687-4C38-A60E-335C63C2D500}.Debug|Any CPU.ActiveCfg = Debug|Any CPU
		{98E77D21-F687-4C38-A60E-335C63C2D500}.Debug|Any CPU.Build.0 = Debug|Any CPU
		{98E77D21-F687-4C38-A60E-335C63C2D500}.Release|Any CPU.ActiveCfg = Release|Any CPU
		{98E77D21-F687-4C38-A60E-335C63C2D500}.Release|Any CPU.Build.0 = Release|Any CPU
	EndGlobalSection
	GlobalSection(SolutionProperties) = preSolution
		HideSolutionNode = FALSE
	EndGlobalSection
	GlobalSection(ExtensibilityGlobals) = postSolution
		SolutionGuid = {51409B7B-E241-4F66-9C8E-7689A921E6CD}
	EndGlobalSection
EndGlobal
