
Microsoft Visual Studio Solution File, Format Version 12.00
# Visual Studio Version 17
VisualStudioVersion = 17.7.34221.43
MinimumVisualStudioVersion = 10.0.40219.1
Project("{FAE04EC0-301F-11D3-BF4B-00C04F79EFBC}") = "WebApplication3", "WebApplication3.csproj", "{DC6799C4-6174-4236-910F-7FBE4FD95984}"
EndProject
Global
	GlobalSection(SolutionConfigurationPlatforms) = preSolution
		Debug|Any CPU = Debug|Any CPU
		Release|Any CPU = Release|Any CPU
	EndGlobalSection
	GlobalSection(ProjectConfigurationPlatforms) = postSolution
		{DC6799C4-6174-4236-910F-7FBE4FD95984}.Debug|Any CPU.ActiveCfg = Debug|Any CPU
		{DC6799C4-6174-4236-910F-7FBE4FD95984}.Debug|Any CPU.Build.0 = Debug|Any CPU
		{DC6799C4-6174-4236-910F-7FBE4FD95984}.Release|Any CPU.ActiveCfg = Release|Any CPU
		{DC6799C4-6174-4236-910F-7FBE4FD95984}.Release|Any CPU.Build.0 = Release|Any CPU
	EndGlobalSection
	GlobalSection(SolutionProperties) = preSolution
		HideSolutionNode = FALSE
	EndGlobalSection
	GlobalSection(ExtensibilityGlobals) = postSolution
		SolutionGuid = {65AD1C01-FDD0-4647-9A7F-DB42CA12C1E4}
	EndGlobalSection
EndGlobal
