
Microsoft Visual Studio Solution File, Format Version 12.00
# Visual Studio Version 16
VisualStudioVersion = 16.0.31911.196
MinimumVisualStudioVersion = 10.0.40219.1
Project("{FAE04EC0-301F-11D3-BF4B-00C04F79EFBC}") = "React_Project0", "React_Project0.csproj", "{EC079E57-22F5-4568-86E4-5D725026B382}"
EndProject
Global
	GlobalSection(SolutionConfigurationPlatforms) = preSolution
		Debug|Any CPU = Debug|Any CPU
		Release|Any CPU = Release|Any CPU
	EndGlobalSection
	GlobalSection(ProjectConfigurationPlatforms) = postSolution
		{EC079E57-22F5-4568-86E4-5D725026B382}.Debug|Any CPU.ActiveCfg = Debug|Any CPU
		{EC079E57-22F5-4568-86E4-5D725026B382}.Debug|Any CPU.Build.0 = Debug|Any CPU
		{EC079E57-22F5-4568-86E4-5D725026B382}.Release|Any CPU.ActiveCfg = Release|Any CPU
		{EC079E57-22F5-4568-86E4-5D725026B382}.Release|Any CPU.Build.0 = Release|Any CPU
	EndGlobalSection
	GlobalSection(SolutionProperties) = preSolution
		HideSolutionNode = FALSE
	EndGlobalSection
	GlobalSection(ExtensibilityGlobals) = postSolution
		SolutionGuid = {F43A91E5-1F87-489F-8B83-571AEE0E2DB6}
	EndGlobalSection
EndGlobal
